
Microsoft Visual Studio Solution File, Format Version 12.00
# Visual Studio Version 17
VisualStudioVersion = 17.6.33815.320
MinimumVisualStudioVersion = 10.0.40219.1
Project("{FAE04EC0-301F-11D3-BF4B-00C04F79EFBC}") = "Recruitica", "Recruitica.csproj", "{63993A45-D9F8-4CAC-839A-751A94C4A580}"
EndProject
Global
	GlobalSection(SolutionConfigurationPlatforms) = preSolution
		Debug|Any CPU = Debug|Any CPU
		Release|Any CPU = Release|Any CPU
	EndGlobalSection
	GlobalSection(ProjectConfigurationPlatforms) = postSolution
		{63993A45-D9F8-4CAC-839A-751A94C4A580}.Debug|Any CPU.ActiveCfg = Debug|Any CPU
		{63993A45-D9F8-4CAC-839A-751A94C4A580}.Debug|Any CPU.Build.0 = Debug|Any CPU
		{63993A45-D9F8-4CAC-839A-751A94C4A580}.Release|Any CPU.ActiveCfg = Release|Any CPU
		{63993A45-D9F8-4CAC-839A-751A94C4A580}.Release|Any CPU.Build.0 = Release|Any CPU
	EndGlobalSection
	GlobalSection(SolutionProperties) = preSolution
		HideSolutionNode = FALSE
	EndGlobalSection
	GlobalSection(ExtensibilityGlobals) = postSolution
		SolutionGuid = {93297052-72C2-4E60-B73D-A4E763C400F4}
	EndGlobalSection
EndGlobal
